
Microsoft Visual Studio Solution File, Format Version 12.00
# Visual Studio 15
VisualStudioVersion = 15.0.28307.572
MinimumVisualStudioVersion = 10.0.40219.1
Project("{9A19103F-16F7-4668-BE54-9A1E7A4F7556}") = "ProductService", "ProductService.csproj", "{861F1641-A3E8-4C85-98B3-5E2D9ABDC397}"
EndProject
Global
	GlobalSection(SolutionConfigurationPlatforms) = preSolution
		Debug|Any CPU = Debug|Any CPU
		Release|Any CPU = Release|Any CPU
	EndGlobalSection
	GlobalSection(ProjectConfigurationPlatforms) = postSolution
		{861F1641-A3E8-4C85-98B3-5E2D9ABDC397}.Debug|Any CPU.ActiveCfg = Debug|Any CPU
		{861F1641-A3E8-4C85-98B3-5E2D9ABDC397}.Debug|Any CPU.Build.0 = Debug|Any CPU
		{861F1641-A3E8-4C85-98B3-5E2D9ABDC397}.Release|Any CPU.ActiveCfg = Release|Any CPU
		{861F1641-A3E8-4C85-98B3-5E2D9ABDC397}.Release|Any CPU.Build.0 = Release|Any CPU
	EndGlobalSection
	GlobalSection(SolutionProperties) = preSolution
		HideSolutionNode = FALSE
	EndGlobalSection
	GlobalSection(ExtensibilityGlobals) = postSolution
		SolutionGuid = {3D9F05D9-F4B1-420D-AD97-3E353B302BAE}
	EndGlobalSection
EndGlobal
